# THIS IS AN AUTOGENERATED FILE. DO NOT EDIT THIS FILE DIRECTLY.
# yarn lockfile v1


angular-state-loadable@^3.0.3:
  version "3.0.7"
  resolved "https://registry.yarnpkg.com/angular-state-loadable/-/angular-state-loadable-3.0.7.tgz#891af55c5e0ef348b5ed00945ea843652ab51613"
  dependencies:
    angular-state-router "^3.2.0"

angular-state-router@^3.1.2, angular-state-router@^3.2.0, angular-state-router@^3.2.3:
  version "3.2.3"
  resolved "https://registry.yarnpkg.com/angular-state-router/-/angular-state-router-3.2.3.tgz#0504006a1c10e4deaee552560a66e3ab0bb68c41"

angular-state-view@^3.0.4:
  version "3.0.9"
  resolved "https://registry.yarnpkg.com/angular-state-view/-/angular-state-view-3.0.9.tgz#5d0669ea94752e5c13ac0f1bc2705c2d1e852740"
  dependencies:
    angular-state-router "^3.1.2"

angular@^1.8.3:
  version "1.8.3"
  resolved "https://registry.yarnpkg.com/angular/-/angular-1.8.3.tgz#851ad75d5163c105a7e329555ef70c90aa706894"

argr@~1.1.7:
  version "1.1.7"
  resolved "https://registry.yarnpkg.com/argr/-/argr-1.1.7.tgz#e13ca7472eee2ade5de9957699ffb2a3756b9124"
  dependencies:
    lodash "^3.5.0"

balanced-match@^1.0.0:
  version "1.0.0"
  resolved "https://registry.yarnpkg.com/balanced-match/-/balanced-match-1.0.0.tgz#89b4d199ab2bee49de164ea02b89ce462d71b767"

body-parser@~1.8.0:
  version "1.8.4"
  resolved "https://registry.yarnpkg.com/body-parser/-/body-parser-1.8.4.tgz#d497e04bc13b3f9a8bd8c70bb0cdc16f2e028898"
  dependencies:
    bytes "1.0.0"
    depd "0.4.5"
    iconv-lite "0.4.4"
    media-typer "0.3.0"
    on-finished "2.1.0"
    qs "2.2.4"
    raw-body "1.3.0"
    type-is "~1.5.1"

bootstrap@^3.3.5:
  version "3.3.7"
  resolved "https://registry.yarnpkg.com/bootstrap/-/bootstrap-3.3.7.tgz#5a389394549f23330875a3b150656574f8a9eb71"

brace-expansion@^1.1.7:
  version "1.1.8"
  resolved "https://registry.yarnpkg.com/brace-expansion/-/brace-expansion-1.1.8.tgz#c07b211c7c952ec1f8efd51a77ef0d1d3990a292"
  dependencies:
    balanced-match "^1.0.0"
    concat-map "0.0.1"

bytes@1, bytes@1.0.0:
  version "1.0.0"
  resolved "https://registry.yarnpkg.com/bytes/-/bytes-1.0.0.tgz#3569ede8ba34315fab99c3e92cb04c7220de1fa8"

colors@^1.1.0:
  version "1.1.2"
  resolved "https://registry.yarnpkg.com/colors/-/colors-1.1.2.tgz#168a4701756b6a7f51a12ce0c97bfa28c084ed63"

concat-map@0.0.1:
  version "0.0.1"
  resolved "https://registry.yarnpkg.com/concat-map/-/concat-map-0.0.1.tgz#d8a96bd77fd68df7793a73036a3ba0d5405d477b"

debug@~2.0.0:
  version "2.0.0"
  resolved "https://registry.yarnpkg.com/debug/-/debug-2.0.0.tgz#89bd9df6732b51256bc6705342bba02ed12131ef"
  dependencies:
    ms "0.6.2"

depd@0.4.5:
  version "0.4.5"
  resolved "https://registry.yarnpkg.com/depd/-/depd-0.4.5.tgz#1a664b53388b4a6573e8ae67b5f767c693ca97f1"

ee-first@1.0.5:
  version "1.0.5"
  resolved "https://registry.yarnpkg.com/ee-first/-/ee-first-1.0.5.tgz#8c9b212898d8cd9f1a9436650ce7be202c9e9ff0"

faye-websocket@~0.7.2:
  version "0.7.3"
  resolved "https://registry.yarnpkg.com/faye-websocket/-/faye-websocket-0.7.3.tgz#cc4074c7f4a4dfd03af54dd65c354b135132ce11"
  dependencies:
    websocket-driver ">=0.3.6"

hostr@^2.2.6:
  version "2.3.7"
  resolved "https://registry.yarnpkg.com/hostr/-/hostr-2.3.7.tgz#68f1d38db60219c009344fc60c0fdf1a52c83129"
  dependencies:
    argr "~1.1.7"
    colors "^1.1.0"
    lodash "^4.15.0"
    minimatch "^3.0.2"
    tiny-lr "~0.1.4"

http-parser-js@>=0.4.0:
  version "0.4.9"
  resolved "https://registry.yarnpkg.com/http-parser-js/-/http-parser-js-0.4.9.tgz#ea1a04fb64adff0242e9974f297dd4c3cad271e1"

iconv-lite@0.4.4:
  version "0.4.4"
  resolved "https://registry.yarnpkg.com/iconv-lite/-/iconv-lite-0.4.4.tgz#e95f2e41db0735fc21652f7827a5ee32e63c83a8"

jquery@^3.3.1:
  version "3.6.0"
  resolved "https://registry.yarnpkg.com/jquery/-/jquery-3.6.0.tgz#c72a09f15c1bdce142f49dbf1170bdf8adac2470"

livereload-js@^2.2.0:
  version "2.3.0"
  resolved "https://registry.yarnpkg.com/livereload-js/-/livereload-js-2.3.0.tgz#c3ab22e8aaf5bf3505d80d098cbad67726548c9a"

lodash@^3.5.0:
  version "3.10.1"
  resolved "https://registry.yarnpkg.com/lodash/-/lodash-3.10.1.tgz#5bf45e8e49ba4189e17d482789dfd15bd140b7b6"

lodash@^4.15.0:
  version "4.17.4"
  resolved "https://registry.yarnpkg.com/lodash/-/lodash-4.17.4.tgz#78203a4d1c328ae1d86dca6460e369b57f4055ae"

media-typer@0.3.0:
  version "0.3.0"
  resolved "https://registry.yarnpkg.com/media-typer/-/media-typer-0.3.0.tgz#8710d7af0aa626f8fffa1ce00168545263255748"

mime-db@~1.12.0:
  version "1.12.0"
  resolved "https://registry.yarnpkg.com/mime-db/-/mime-db-1.12.0.tgz#3d0c63180f458eb10d325aaa37d7c58ae312e9d7"

mime-types@~2.0.9:
  version "2.0.14"
  resolved "https://registry.yarnpkg.com/mime-types/-/mime-types-2.0.14.tgz#310e159db23e077f8bb22b748dabfa4957140aa6"
  dependencies:
    mime-db "~1.12.0"

minimatch@^3.0.2:
  version "3.0.4"
  resolved "https://registry.yarnpkg.com/minimatch/-/minimatch-3.0.4.tgz#5166e286457f03306064be5497e8dbb0c3d32083"
  dependencies:
    brace-expansion "^1.1.7"

ms@0.6.2:
  version "0.6.2"
  resolved "https://registry.yarnpkg.com/ms/-/ms-0.6.2.tgz#d89c2124c6fdc1353d65a8b77bf1aac4b193708c"

on-finished@2.1.0:
  version "2.1.0"
  resolved "https://registry.yarnpkg.com/on-finished/-/on-finished-2.1.0.tgz#0c539f09291e8ffadde0c8a25850fb2cedc7022d"
  dependencies:
    ee-first "1.0.5"

parseurl@~1.3.0:
  version "1.3.2"
  resolved "https://registry.yarnpkg.com/parseurl/-/parseurl-1.3.2.tgz#fc289d4ed8993119460c156253262cdc8de65bf3"

qs@2.2.4:
  version "2.2.4"
  resolved "https://registry.yarnpkg.com/qs/-/qs-2.2.4.tgz#2e9fbcd34b540e3421c924ecd01e90aa975319c8"

qs@~2.2.3:
  version "2.2.5"
  resolved "https://registry.yarnpkg.com/qs/-/qs-2.2.5.tgz#1088abaf9dcc0ae5ae45b709e6c6b5888b23923c"

raw-body@1.3.0:
  version "1.3.0"
  resolved "https://registry.yarnpkg.com/raw-body/-/raw-body-1.3.0.tgz#978230a156a5548f42eef14de22d0f4f610083d1"
  dependencies:
    bytes "1"
    iconv-lite "0.4.4"

tiny-lr@~0.1.4:
  version "0.1.7"
  resolved "https://registry.yarnpkg.com/tiny-lr/-/tiny-lr-0.1.7.tgz#be024d09f1ebb22e2749834c60ea17b385234175"
  dependencies:
    body-parser "~1.8.0"
    debug "~2.0.0"
    faye-websocket "~0.7.2"
    livereload-js "^2.2.0"
    parseurl "~1.3.0"
    qs "~2.2.3"

type-is@~1.5.1:
  version "1.5.7"
  resolved "https://registry.yarnpkg.com/type-is/-/type-is-1.5.7.tgz#b9368a593cc6ef7d0645e78b2f4c64cbecd05e90"
  dependencies:
    media-typer "0.3.0"
    mime-types "~2.0.9"

websocket-driver@>=0.3.6:
  version "0.7.0"
  resolved "https://registry.yarnpkg.com/websocket-driver/-/websocket-driver-0.7.0.tgz#0caf9d2d755d93aee049d4bdd0d3fe2cca2a24eb"
  dependencies:
    http-parser-js ">=0.4.0"
    websocket-extensions ">=0.1.1"

websocket-extensions@>=0.1.1:
  version "0.1.3"
  resolved "https://registry.yarnpkg.com/websocket-extensions/-/websocket-extensions-0.1.3.tgz#5d2ff22977003ec687a4b87073dfbbac146ccf29"
